
Microsoft Visual Studio Solution File, Format Version 12.00
# Visual Studio Version 16
VisualStudioVersion = 16.0.29519.87
MinimumVisualStudioVersion = 10.0.40219.1
Project("{9A19103F-16F7-4668-BE54-9A1E7A4F7556}") = "Planner.UI", "Planner\Planner.UI.csproj", "{D74EE39B-0A98-4C62-980A-A3B3B1F51D90}"
EndProject
Project("{9A19103F-16F7-4668-BE54-9A1E7A4F7556}") = "Planner.Core", "Planner.Core\Planner.Core.csproj", "{4E3CBD8F-5B3D-4EE1-9FFC-27F11022F252}"
EndProject
Global
	GlobalSection(SolutionConfigurationPlatforms) = preSolution
		Debug|Any CPU = Debug|Any CPU
		Release|Any CPU = Release|Any CPU
	EndGlobalSection
	GlobalSection(ProjectConfigurationPlatforms) = postSolution
		{D74EE39B-0A98-4C62-980A-A3B3B1F51D90}.Debug|Any CPU.ActiveCfg = Debug|Any CPU
		{D74EE39B-0A98-4C62-980A-A3B3B1F51D90}.Debug|Any CPU.Build.0 = Debug|Any CPU
		{D74EE39B-0A98-4C62-980A-A3B3B1F51D90}.Release|Any CPU.ActiveCfg = Release|Any CPU
		{D74EE39B-0A98-4C62-980A-A3B3B1F51D90}.Release|Any CPU.Build.0 = Release|Any CPU
		{4E3CBD8F-5B3D-4EE1-9FFC-27F11022F252}.Debug|Any CPU.ActiveCfg = Debug|Any CPU
		{4E3CBD8F-5B3D-4EE1-9FFC-27F11022F252}.Debug|Any CPU.Build.0 = Debug|Any CPU
		{4E3CBD8F-5B3D-4EE1-9FFC-27F11022F252}.Release|Any CPU.ActiveCfg = Release|Any CPU
		{4E3CBD8F-5B3D-4EE1-9FFC-27F11022F252}.Release|Any CPU.Build.0 = Release|Any CPU
	EndGlobalSection
	GlobalSection(SolutionProperties) = preSolution
		HideSolutionNode = FALSE
	EndGlobalSection
	GlobalSection(ExtensibilityGlobals) = postSolution
		SolutionGuid = {BF0BF035-1ED0-4B93-AE38-8E83A30EA10F}
	EndGlobalSection
EndGlobal
